
Microsoft Visual Studio Solution File, Format Version 12.00
# Visual Studio Version 17
VisualStudioVersion = 17.1.32319.34
MinimumVisualStudioVersion = 10.0.40219.1
Project("{FAE04EC0-301F-11D3-BF4B-00C04F79EFBC}") = "recovery", "recovery.csproj", "{2BF40375-D8D5-49FF-A1F0-63D39EE2BAC2}"
EndProject
Global
	GlobalSection(SolutionConfigurationPlatforms) = preSolution
		Debug|Any CPU = Debug|Any CPU
		Release|Any CPU = Release|Any CPU
	EndGlobalSection
	GlobalSection(ProjectConfigurationPlatforms) = postSolution
		{2BF40375-D8D5-49FF-A1F0-63D39EE2BAC2}.Debug|Any CPU.ActiveCfg = Debug|Any CPU
		{2BF40375-D8D5-49FF-A1F0-63D39EE2BAC2}.Debug|Any CPU.Build.0 = Debug|Any CPU
		{2BF40375-D8D5-49FF-A1F0-63D39EE2BAC2}.Release|Any CPU.ActiveCfg = Release|Any CPU
		{2BF40375-D8D5-49FF-A1F0-63D39EE2BAC2}.Release|Any CPU.Build.0 = Release|Any CPU
	EndGlobalSection
	GlobalSection(SolutionProperties) = preSolution
		HideSolutionNode = FALSE
	EndGlobalSection
	GlobalSection(ExtensibilityGlobals) = postSolution
		SolutionGuid = {2394308A-7BC3-4014-AE4F-041E3F0FFFDB}
	EndGlobalSection
EndGlobal
